PODS:
  - MMWormhole (1.1.1):
    - MMWormhole/Core (= 1.1.1)
  - MMWormhole/Core (1.1.1)
  - PocketSocket (0.6.4)

DEPENDENCIES:
  - MMWormhole (~> 1.1.1)
  - PocketSocket

SPEC CHECKSUMS:
  MMWormhole: 48452a7149eba409e9dffad661451fa25b9e97c4
  PocketSocket: 8c18f973e57fd3042d032626654658df0fa2f126

COCOAPODS: 0.35.0
